# This file is generated by running "yarn install" inside your project.
# Manual changes might be lost - proceed with caution!

__metadata:
  version: 6
  cacheKey: 8

"create-next-app@npm:^10.2.0":
  version: 10.2.0
  resolution: "create-next-app@npm:10.2.0"
  bin:
    create-next-app: dist/index.js
  checksum: b1b7f74deac8342ab042bac0133bd689025a27661362c9a2ec044aeffe486020ac6b958ee0824408f1fd05e3517eb11c6b7cb64280330f976bae9d4f28d97754
  languageName: node
  linkType: hard

"husky@npm:^8.0.3":
  version: 8.0.3
  resolution: "husky@npm:8.0.3"
  bin:
    husky: lib/bin.js
  checksum: 837bc7e4413e58c1f2946d38fb050f5d7324c6f16b0fd66411ffce5703b294bd21429e8ba58711cd331951ee86ed529c5be4f76805959ff668a337dbfa82a1b0
  languageName: node
  linkType: hard

"root-workspace-0b6124@workspace:.":
  version: 0.0.0-use.local
  resolution: "root-workspace-0b6124@workspace:."
  dependencies:
    create-next-app: ^10.2.0
    husky: ^8.0.3
  languageName: unknown
  linkType: soft
